// !$*UTF8*$!
{
	archiveVersion = 1;
	classes = {
	};
	objectVersion = 56;
	objects = {

/* Begin PBXBuildFile section */
		B001000000000000000001 /* HospitalQueueApp.swift in Sources */ = {isa = PBXBuildFile; fileRef = F001000000000000000001 /* HospitalQueueApp.swift */; };
		B001000000000000000002 /* RootView.swift in Sources */ = {isa = PBXBuildFile; fileRef = F001000000000000000002 /* RootView.swift */; };
		B001000000000000000003 /* MainTabContainerView.swift in Sources */ = {isa = PBXBuildFile; fileRef = F001000000000000000003 /* MainTabContainerView.swift */; };
		B001000000000000000004 /* Theme.swift in Sources */ = {isa = PBXBuildFile; fileRef = F001000000000000000004 /* Theme.swift */; };
		B001000000000000000005 /* PrimaryButton.swift in Sources */ = {isa = PBXBuildFile; fileRef = F001000000000000000005 /* PrimaryButton.swift */; };
		B001000000000000000006 /* StyledTextField.swift in Sources */ = {isa = PBXBuildFile; fileRef = F001000000000000000006 /* StyledTextField.swift */; };
		B001000000000000000007 /* OTPFieldView.swift in Sources */ = {isa = PBXBuildFile; fileRef = F001000000000000000007 /* OTPFieldView.swift */; };
		B001000000000000000008 /* StarRatingView.swift in Sources */ = {isa = PBXBuildFile; fileRef = F001000000000000000008 /* StarRatingView.swift */; };
		B001000000000000000009 /* AppState.swift in Sources */ = {isa = PBXBuildFile; fileRef = F001000000000000000009 /* AppState.swift */; };
		B00100000000000000000A /* DummyData.swift in Sources */ = {isa = PBXBuildFile; fileRef = F00100000000000000000A /* DummyData.swift */; };
		B00100000000000000000B /* SignInView.swift in Sources */ = {isa = PBXBuildFile; fileRef = F00100000000000000000B /* SignInView.swift */; };
		B00100000000000000000C /* CreateAccountView.swift in Sources */ = {isa = PBXBuildFile; fileRef = F00100000000000000000C /* CreateAccountView.swift */; };
		B00100000000000000000D /* ForgotPasswordView.swift in Sources */ = {isa = PBXBuildFile; fileRef = F00100000000000000000D /* ForgotPasswordView.swift */; };
		B00100000000000000000E /* OTPVerificationView.swift in Sources */ = {isa = PBXBuildFile; fileRef = F00100000000000000000E /* OTPVerificationView.swift */; };
		B00100000000000000000F /* EnterNewPasswordView.swift in Sources */ = {isa = PBXBuildFile; fileRef = F00100000000000000000F /* EnterNewPasswordView.swift */; };
		B001000000000000000010 /* PasswordResetSuccessView.swift in Sources */ = {isa = PBXBuildFile; fileRef = F001000000000000000010 /* PasswordResetSuccessView.swift */; };
		B001000000000000000011 /* WelcomeView.swift in Sources */ = {isa = PBXBuildFile; fileRef = F001000000000000000011 /* WelcomeView.swift */; };
		B001000000000000000012 /* HomeView.swift in Sources */ = {isa = PBXBuildFile; fileRef = F001000000000000000012 /* HomeView.swift */; };
		B001000000000000000013 /* ContentView.swift in Sources */ = {isa = PBXBuildFile; fileRef = F001000000000000000013 /* ContentView.swift */; };
		B001000000000000000014 /* TokenGeneratedView.swift in Sources */ = {isa = PBXBuildFile; fileRef = F001000000000000000014 /* TokenGeneratedView.swift */; };
		B001000000000000000015 /* QRCodeView.swift in Sources */ = {isa = PBXBuildFile; fileRef = F001000000000000000015 /* QRCodeView.swift */; };
		B001000000000000000016 /* QueueStatusView.swift in Sources */ = {isa = PBXBuildFile; fileRef = F001000000000000000016 /* QueueStatusView.swift */; };
		B001000000000000000017 /* ItsYourTurnView.swift in Sources */ = {isa = PBXBuildFile; fileRef = F001000000000000000017 /* ItsYourTurnView.swift */; };
		B001000000000000000018 /* ReviewView.swift in Sources */ = {isa = PBXBuildFile; fileRef = F001000000000000000018 /* ReviewView.swift */; };
		B001000000000000000019 /* AnimatedButtonStyle.swift in Sources */ = {isa = PBXBuildFile; fileRef = F001000000000000000019 /* AnimatedButtonStyle.swift */; };
		B00100000000000000001A /* AuthViewModel.swift in Sources */ = {isa = PBXBuildFile; fileRef = F00100000000000000001A /* AuthViewModel.swift */; };
		B00100000000000000001B /* ProfileView.swift in Sources */ = {isa = PBXBuildFile; fileRef = F00100000000000000001B /* ProfileView.swift */; };
		B00100000000000000001C /* ProfileSectionView.swift in Sources */ = {isa = PBXBuildFile; fileRef = F00100000000000000001C /* ProfileSectionView.swift */; };
		B00100000000000000001D /* DoctorListView.swift in Sources */ = {isa = PBXBuildFile; fileRef = F00100000000000000001D /* DoctorListView.swift */; };
		B00100000000000000001E /* DoctorDetailView.swift in Sources */ = {isa = PBXBuildFile; fileRef = F00100000000000000001E /* DoctorDetailView.swift */; };
		B00100000000000000001F /* Assets.xcassets in Resources */ = {isa = PBXBuildFile; fileRef = F00100000000000000001F /* Assets.xcassets */; };
		B001000000000000000020 /* CategorySelectionView.swift in Sources */ = {isa = PBXBuildFile; fileRef = F001000000000000000020 /* CategorySelectionView.swift */; };
		B001000000000000000021 /* DoctorAppointmentView.swift in Sources */ = {isa = PBXBuildFile; fileRef = F001000000000000000021 /* DoctorAppointmentView.swift */; };
		B001000000000000000022 /* HowItWorksView.swift in Sources */ = {isa = PBXBuildFile; fileRef = F001000000000000000022 /* HowItWorksView.swift */; };
		B001000000000000000023 /* QuickBookingView.swift in Sources */ = {isa = PBXBuildFile; fileRef = F001000000000000000023 /* QuickBookingView.swift */; };
		B001000000000000000024 /* Animation+iOS.swift in Sources */ = {isa = PBXBuildFile; fileRef = F001000000000000000024 /* Animation+iOS.swift */; };
		B001000000000000000025 /* ServiceRow.swift in Sources */ = {isa = PBXBuildFile; fileRef = F001000000000000000025 /* ServiceRow.swift */; };
/* End PBXBuildFile section */

/* Begin PBXFileReference section */
		E001000000000000000001 /* HospitalQueue.app */ = {isa = PBXFileReference; explicitFileType = wrapper.application; includeInIndex = 0; path = HospitalQueue.app; sourceTree = BUILT_PRODUCTS_DIR; };
		F001000000000000000001 /* HospitalQueueApp.swift */ = {isa = PBXFileReference; lastKnownFileType = sourcecode.swift; path = HospitalQueueApp.swift; sourceTree = "<group>"; };
		F001000000000000000002 /* RootView.swift */ = {isa = PBXFileReference; lastKnownFileType = sourcecode.swift; path = RootView.swift; sourceTree = "<group>"; };
		F001000000000000000003 /* MainTabContainerView.swift */ = {isa = PBXFileReference; lastKnownFileType = sourcecode.swift; path = MainTabContainerView.swift; sourceTree = "<group>"; };
		F001000000000000000004 /* Theme.swift */ = {isa = PBXFileReference; lastKnownFileType = sourcecode.swift; path = Theme.swift; sourceTree = "<group>"; };
		F001000000000000000005 /* PrimaryButton.swift */ = {isa = PBXFileReference; lastKnownFileType = sourcecode.swift; path = PrimaryButton.swift; sourceTree = "<group>"; };
		F001000000000000000006 /* StyledTextField.swift */ = {isa = PBXFileReference; lastKnownFileType = sourcecode.swift; path = StyledTextField.swift; sourceTree = "<group>"; };
		F001000000000000000007 /* OTPFieldView.swift */ = {isa = PBXFileReference; lastKnownFileType = sourcecode.swift; path = OTPFieldView.swift; sourceTree = "<group>"; };
		F001000000000000000008 /* StarRatingView.swift */ = {isa = PBXFileReference; lastKnownFileType = sourcecode.swift; path = StarRatingView.swift; sourceTree = "<group>"; };
		F001000000000000000009 /* AppState.swift */ = {isa = PBXFileReference; lastKnownFileType = sourcecode.swift; path = AppState.swift; sourceTree = "<group>"; };
		F00100000000000000000A /* DummyData.swift */ = {isa = PBXFileReference; lastKnownFileType = sourcecode.swift; path = DummyData.swift; sourceTree = "<group>"; };
		F00100000000000000000B /* SignInView.swift */ = {isa = PBXFileReference; lastKnownFileType = sourcecode.swift; path = SignInView.swift; sourceTree = "<group>"; };
		F00100000000000000000C /* CreateAccountView.swift */ = {isa = PBXFileReference; lastKnownFileType = sourcecode.swift; path = CreateAccountView.swift; sourceTree = "<group>"; };
		F00100000000000000000D /* ForgotPasswordView.swift */ = {isa = PBXFileReference; lastKnownFileType = sourcecode.swift; path = ForgotPasswordView.swift; sourceTree = "<group>"; };
		F00100000000000000000E /* OTPVerificationView.swift */ = {isa = PBXFileReference; lastKnownFileType = sourcecode.swift; path = OTPVerificationView.swift; sourceTree = "<group>"; };
		F00100000000000000000F /* EnterNewPasswordView.swift */ = {isa = PBXFileReference; lastKnownFileType = sourcecode.swift; path = EnterNewPasswordView.swift; sourceTree = "<group>"; };
		F001000000000000000010 /* PasswordResetSuccessView.swift */ = {isa = PBXFileReference; lastKnownFileType = sourcecode.swift; path = PasswordResetSuccessView.swift; sourceTree = "<group>"; };
		F001000000000000000011 /* WelcomeView.swift */ = {isa = PBXFileReference; lastKnownFileType = sourcecode.swift; path = WelcomeView.swift; sourceTree = "<group>"; };
		F001000000000000000012 /* HomeView.swift */ = {isa = PBXFileReference; lastKnownFileType = sourcecode.swift; path = HomeView.swift; sourceTree = "<group>"; };
		F001000000000000000013 /* ContentView.swift */ = {isa = PBXFileReference; lastKnownFileType = sourcecode.swift; path = ContentView.swift; sourceTree = "<group>"; };
		F001000000000000000014 /* TokenGeneratedView.swift */ = {isa = PBXFileReference; lastKnownFileType = sourcecode.swift; path = TokenGeneratedView.swift; sourceTree = "<group>"; };
		F001000000000000000015 /* QRCodeView.swift */ = {isa = PBXFileReference; lastKnownFileType = sourcecode.swift; path = QRCodeView.swift; sourceTree = "<group>"; };
		F001000000000000000016 /* QueueStatusView.swift */ = {isa = PBXFileReference; lastKnownFileType = sourcecode.swift; path = QueueStatusView.swift; sourceTree = "<group>"; };
		F001000000000000000017 /* ItsYourTurnView.swift */ = {isa = PBXFileReference; lastKnownFileType = sourcecode.swift; path = ItsYourTurnView.swift; sourceTree = "<group>"; };
		F001000000000000000018 /* ReviewView.swift */ = {isa = PBXFileReference; lastKnownFileType = sourcecode.swift; path = ReviewView.swift; sourceTree = "<group>"; };
		F001000000000000000019 /* AnimatedButtonStyle.swift */ = {isa = PBXFileReference; lastKnownFileType = sourcecode.swift; path = AnimatedButtonStyle.swift; sourceTree = "<group>"; };
		F00100000000000000001A /* AuthViewModel.swift */ = {isa = PBXFileReference; lastKnownFileType = sourcecode.swift; path = AuthViewModel.swift; sourceTree = "<group>"; };
		F00100000000000000001B /* ProfileView.swift */ = {isa = PBXFileReference; lastKnownFileType = sourcecode.swift; path = ProfileView.swift; sourceTree = "<group>"; };
		F00100000000000000001C /* ProfileSectionView.swift */ = {isa = PBXFileReference; lastKnownFileType = sourcecode.swift; path = ProfileSectionView.swift; sourceTree = "<group>"; };
		F00100000000000000001D /* DoctorListView.swift */ = {isa = PBXFileReference; lastKnownFileType = sourcecode.swift; path = DoctorListView.swift; sourceTree = "<group>"; };
		F00100000000000000001E /* DoctorDetailView.swift */ = {isa = PBXFileReference; lastKnownFileType = sourcecode.swift; path = DoctorDetailView.swift; sourceTree = "<group>"; };
		F00100000000000000001F /* Assets.xcassets */ = {isa = PBXFileReference; lastKnownFileType = folder.assetcatalog; path = Assets.xcassets; sourceTree = "<group>"; };
		F001000000000000000020 /* CategorySelectionView.swift */ = {isa = PBXFileReference; lastKnownFileType = sourcecode.swift; path = CategorySelectionView.swift; sourceTree = "<group>"; };
		F001000000000000000021 /* DoctorAppointmentView.swift */ = {isa = PBXFileReference; lastKnownFileType = sourcecode.swift; path = DoctorAppointmentView.swift; sourceTree = "<group>"; };
		F001000000000000000022 /* HowItWorksView.swift */ = {isa = PBXFileReference; lastKnownFileType = sourcecode.swift; path = HowItWorksView.swift; sourceTree = "<group>"; };
		F001000000000000000023 /* QuickBookingView.swift */ = {isa = PBXFileReference; lastKnownFileType = sourcecode.swift; path = QuickBookingView.swift; sourceTree = "<group>"; };
		F001000000000000000024 /* Animation+iOS.swift */ = {isa = PBXFileReference; lastKnownFileType = sourcecode.swift; path = "Animation+iOS.swift"; sourceTree = "<group>"; };
		F001000000000000000025 /* ServiceRow.swift */ = {isa = PBXFileReference; lastKnownFileType = sourcecode.swift; path = ServiceRow.swift; sourceTree = "<group>"; };
/* End PBXFileReference section */

/* Begin PBXFrameworksBuildPhase section */
		D001000000000000000001 /* Frameworks */ = {
			isa = PBXFrameworksBuildPhase;
			buildActionMask = 2147483647;
			files = (
			);
			runOnlyForDeploymentPostprocessing = 0;
		};
/* End PBXFrameworksBuildPhase section */

/* Begin PBXGroup section */
		G001000000000000000001 = {
			isa = PBXGroup;
			children = (
				G001000000000000000002 /* HospitalQueue */,
				G001000000000000000003 /* Products */,
			);
			sourceTree = "<group>";
		};
		G001000000000000000002 /* HospitalQueue */ = {
			isa = PBXGroup;
			children = (
				F001000000000000000001 /* HospitalQueueApp.swift */,
				F001000000000000000002 /* RootView.swift */,
				F001000000000000000003 /* MainTabContainerView.swift */,
				F00100000000000000001A /* AuthViewModel.swift */,
				F001000000000000000013 /* ContentView.swift */,
				F00100000000000000000B /* SignInView.swift */,
				F001000000000000000012 /* HomeView.swift */,
				F001000000000000000020 /* CategorySelectionView.swift */,
				F001000000000000000021 /* DoctorAppointmentView.swift */,
				F001000000000000000022 /* HowItWorksView.swift */,
				F001000000000000000023 /* QuickBookingView.swift */,
				F001000000000000000016 /* QueueStatusView.swift */,
				F001000000000000000017 /* ItsYourTurnView.swift */,
				F001000000000000000014 /* TokenGeneratedView.swift */,
				F00100000000000000001B /* ProfileView.swift */,
				F001000000000000000015 /* QRCodeView.swift */,
				F001000000000000000019 /* AnimatedButtonStyle.swift */,
				F001000000000000000024 /* Animation+iOS.swift */,
				F001000000000000000025 /* ServiceRow.swift */,
				G001000000000000000004 /* Shared */,
				G001000000000000000005 /* Auth */,
				G001000000000000000006 /* Home */,
				G001000000000000000007 /* Token */,
				G001000000000000000009 /* Profile */,
				G00100000000000000000A /* DoctorAppointment */,
				F00100000000000000001F /* Assets.xcassets */,
			);
			path = HospitalQueue;
			sourceTree = "<group>";
		};
		G001000000000000000003 /* Products */ = {
			isa = PBXGroup;
			children = (
				E001000000000000000001 /* HospitalQueue.app */,
			);
			name = Products;
			sourceTree = "<group>";
		};
		G001000000000000000004 /* Shared */ = {
			isa = PBXGroup;
			children = (
				F001000000000000000004 /* Theme.swift */,
				F001000000000000000005 /* PrimaryButton.swift */,
				F001000000000000000006 /* StyledTextField.swift */,
				F001000000000000000007 /* OTPFieldView.swift */,
				F001000000000000000008 /* StarRatingView.swift */,
				F001000000000000000009 /* AppState.swift */,
				F00100000000000000000A /* DummyData.swift */,
			);
			path = Shared;
			sourceTree = "<group>";
		};
		G001000000000000000005 /* Auth */ = {
			isa = PBXGroup;
			children = (
				F00100000000000000000C /* CreateAccountView.swift */,
				F00100000000000000000D /* ForgotPasswordView.swift */,
				F00100000000000000000E /* OTPVerificationView.swift */,
				F00100000000000000000F /* EnterNewPasswordView.swift */,
				F001000000000000000010 /* PasswordResetSuccessView.swift */,
			);
			path = Auth;
			sourceTree = "<group>";
		};
		G001000000000000000006 /* Home */ = {
			isa = PBXGroup;
			children = (
				F001000000000000000011 /* WelcomeView.swift */,
			);
			path = Home;
			sourceTree = "<group>";
		};
		G001000000000000000007 /* Token */ = {
			isa = PBXGroup;
			children = (
				F001000000000000000018 /* ReviewView.swift */,
			);
			path = Token;
			sourceTree = "<group>";
		};
		G001000000000000000009 /* Profile */ = {
			isa = PBXGroup;
			children = (
				F00100000000000000001C /* ProfileSectionView.swift */,
			);
			path = Profile;
			sourceTree = "<group>";
		};
		G00100000000000000000A /* DoctorAppointment */ = {
			isa = PBXGroup;
			children = (
				F00100000000000000001D /* DoctorListView.swift */,
				F00100000000000000001E /* DoctorDetailView.swift */,
			);
			path = DoctorAppointment;
			sourceTree = "<group>";
		};
/* End PBXGroup section */

/* Begin PBXNativeTarget section */
		T001000000000000000001 /* HospitalQueue */ = {
			isa = PBXNativeTarget;
			buildConfigurationList = C001000000000000000002 /* Build configuration list for PBXNativeTarget "HospitalQueue" */;
			buildPhases = (
				D001000000000000000002 /* Sources */,
				D001000000000000000001 /* Frameworks */,
				D001000000000000000003 /* Resources */,
			);
			buildRules = (
			);
			dependencies = (
			);
			name = HospitalQueue;
			productName = HospitalQueue;
			productReference = E001000000000000000001 /* HospitalQueue.app */;
			productType = "com.apple.product-type.application";
		};
/* End PBXNativeTarget section */

/* Begin PBXProject section */
		P001000000000000000001 /* Project object */ = {
			isa = PBXProject;
			attributes = {
				BuildIndependentTargetsInParallel = 1;
				LastSwiftUpdateCheck = 1500;
				LastUpgradeCheck = 1500;
			};
			buildConfigurationList = C001000000000000000001 /* Build configuration list for PBXProject "HospitalQueue" */;
			compatibilityVersion = "Xcode 14.0";
			developmentRegion = en;
			hasScannedForEncodings = 0;
			knownRegions = (
				en,
				Base,
			);
			mainGroup = G001000000000000000001;
			productRefGroup = G001000000000000000003 /* Products */;
			projectDirPath = "";
			projectRoot = "";
			targets = (
				T001000000000000000001 /* HospitalQueue */,
			);
		};
/* End PBXProject section */

/* Begin PBXResourcesBuildPhase section */
		D001000000000000000003 /* Resources */ = {
			isa = PBXResourcesBuildPhase;
			buildActionMask = 2147483647;
			files = (
				B00100000000000000001F /* Assets.xcassets in Resources */,
			);
			runOnlyForDeploymentPostprocessing = 0;
		};
/* End PBXResourcesBuildPhase section */

/* Begin PBXSourcesBuildPhase section */
		D001000000000000000002 /* Sources */ = {
			isa = PBXSourcesBuildPhase;
			buildActionMask = 2147483647;
			files = (
				B001000000000000000001 /* HospitalQueueApp.swift in Sources */,
				B001000000000000000002 /* RootView.swift in Sources */,
				B001000000000000000003 /* MainTabContainerView.swift in Sources */,
				B001000000000000000004 /* Theme.swift in Sources */,
				B001000000000000000005 /* PrimaryButton.swift in Sources */,
				B001000000000000000006 /* StyledTextField.swift in Sources */,
				B001000000000000000007 /* OTPFieldView.swift in Sources */,
				B001000000000000000008 /* StarRatingView.swift in Sources */,
				B001000000000000000009 /* AppState.swift in Sources */,
				B00100000000000000000A /* DummyData.swift in Sources */,
				B00100000000000000000B /* SignInView.swift in Sources */,
				B00100000000000000000C /* CreateAccountView.swift in Sources */,
				B00100000000000000000D /* ForgotPasswordView.swift in Sources */,
				B00100000000000000000E /* OTPVerificationView.swift in Sources */,
				B00100000000000000000F /* EnterNewPasswordView.swift in Sources */,
				B001000000000000000010 /* PasswordResetSuccessView.swift in Sources */,
				B001000000000000000011 /* WelcomeView.swift in Sources */,
				B001000000000000000012 /* HomeView.swift in Sources */,
				B001000000000000000013 /* ContentView.swift in Sources */,
				B001000000000000000014 /* TokenGeneratedView.swift in Sources */,
				B001000000000000000015 /* QRCodeView.swift in Sources */,
				B001000000000000000016 /* QueueStatusView.swift in Sources */,
				B001000000000000000017 /* ItsYourTurnView.swift in Sources */,
				B001000000000000000018 /* ReviewView.swift in Sources */,
				B001000000000000000019 /* AnimatedButtonStyle.swift in Sources */,
				B00100000000000000001A /* AuthViewModel.swift in Sources */,
				B00100000000000000001B /* ProfileView.swift in Sources */,
				B00100000000000000001C /* ProfileSectionView.swift in Sources */,
				B00100000000000000001D /* DoctorListView.swift in Sources */,
				B00100000000000000001E /* DoctorDetailView.swift in Sources */,
				B001000000000000000020 /* CategorySelectionView.swift in Sources */,
				B001000000000000000021 /* DoctorAppointmentView.swift in Sources */,
				B001000000000000000022 /* HowItWorksView.swift in Sources */,
				B001000000000000000023 /* QuickBookingView.swift in Sources */,
				B001000000000000000024 /* Animation+iOS.swift in Sources */,
				B001000000000000000025 /* ServiceRow.swift in Sources */,
			);
			runOnlyForDeploymentPostprocessing = 0;
		};
/* End PBXSourcesBuildPhase section */

/* Begin XCBuildConfiguration section */
		C001000000000000000003 /* Debug */ = {
			isa = XCBuildConfiguration;
			buildSettings = {
				ALWAYS_SEARCH_USER_PATHS = NO;
				ASSETCATALOG_COMPILER_GENERATE_SWIFT_ASSET_SYMBOL_EXTENSIONS = YES;
				CLANG_ANALYZER_NONNULL = YES;
				CLANG_CXX_LANGUAGE_STANDARD = "gnu++20";
				COPY_PHASE_STRIP = NO;
				DEBUG_INFORMATION_FORMAT = dwarf;
				ENABLE_STRICT_OBJC_MSGSEND = YES;
				ENABLE_TESTABILITY = YES;
				GCC_C_LANGUAGE_STANDARD = gnu17;
				GCC_DYNAMIC_NO_PIC = NO;
				GCC_OPTIMIZATION_LEVEL = 0;
				GCC_PREPROCESSOR_DEFINITIONS = (
					"DEBUG=1",
					"$(inherited)",
				);
				IPHONEOS_DEPLOYMENT_TARGET = 16.0;
				MTL_ENABLE_DEBUG_INFO = INCLUDE_SOURCE;
				MTL_FAST_MATH = YES;
				ONLY_ACTIVE_ARCH = YES;
				SDKROOT = iphoneos;
				SWIFT_ACTIVE_COMPILATION_CONDITIONS = "DEBUG $(inherited)";
				SWIFT_OPTIMIZATION_LEVEL = "-Onone";
			};
			name = Debug;
		};
		C001000000000000000004 /* Release */ = {
			isa = XCBuildConfiguration;
			buildSettings = {
				ALWAYS_SEARCH_USER_PATHS = NO;
				ASSETCATALOG_COMPILER_GENERATE_SWIFT_ASSET_SYMBOL_EXTENSIONS = YES;
				CLANG_ANALYZER_NONNULL = YES;
				CLANG_CXX_LANGUAGE_STANDARD = "gnu++20";
				COPY_PHASE_STRIP = NO;
				DEBUG_INFORMATION_FORMAT = "dwarf-with-dsym";
				ENABLE_NS_ASSERTIONS = NO;
				ENABLE_STRICT_OBJC_MSGSEND = YES;
				GCC_C_LANGUAGE_STANDARD = gnu17;
				IPHONEOS_DEPLOYMENT_TARGET = 16.0;
				MTL_ENABLE_DEBUG_INFO = NO;
				MTL_FAST_MATH = YES;
				SDKROOT = iphoneos;
				SWIFT_COMPILATION_MODE = wholemodule;
				VALIDATE_PRODUCT = YES;
			};
			name = Release;
		};
		C001000000000000000005 /* Debug */ = {
			isa = XCBuildConfiguration;
			buildSettings = {
				ASSETCATALOG_COMPILER_APPICON_NAME = AppIcon;
				ASSETCATALOG_COMPILER_GLOBAL_ACCENT_COLOR_NAME = AccentColor;
				CODE_SIGN_STYLE = Automatic;
				CURRENT_PROJECT_VERSION = 1;
				DEVELOPMENT_ASSET_PATHS = "";
				ENABLE_PREVIEWS = YES;
				GENERATE_INFOPLIST_FILE = YES;
				INFOPLIST_FILE = HospitalQueue/Info.plist;
				INFOPLIST_KEY_CFBundleDisplayName = "Hospital Queue";
				INFOPLIST_KEY_UIApplicationSceneManifest_Generation = YES;
				INFOPLIST_KEY_UIApplicationSupportsIndirectInputEvents = YES;
				INFOPLIST_KEY_UILaunchScreen_Generation = YES;
				INFOPLIST_KEY_UISupportedInterfaceOrientations_iPad = "UIInterfaceOrientationPortrait UIInterfaceOrientationPortraitUpsideDown UIInterfaceOrientationLandscapeLeft UIInterfaceOrientationLandscapeRight";
				INFOPLIST_KEY_UISupportedInterfaceOrientations_iPhone = "UIInterfaceOrientationPortrait UIInterfaceOrientationLandscapeLeft UIInterfaceOrientationLandscapeRight";
				LD_RUNPATH_SEARCH_PATHS = (
					"$(inherited)",
					"@executable_path/Frameworks",
				);
				MARKETING_VERSION = 1.0;
				PRODUCT_BUNDLE_IDENTIFIER = com.hospitalqueue.app;
				PRODUCT_NAME = "$(TARGET_NAME)";
				SUPPORTED_PLATFORMS = "iphoneos iphonesimulator";
				SUPPORTS_MACCATALYST = NO;
				SWIFT_EMIT_LOC_STRINGS = YES;
				SWIFT_VERSION = 5.0;
				TARGETED_DEVICE_FAMILY = 1;
			};
			name = Debug;
		};
		C001000000000000000006 /* Release */ = {
			isa = XCBuildConfiguration;
			buildSettings = {
				ASSETCATALOG_COMPILER_APPICON_NAME = AppIcon;
				ASSETCATALOG_COMPILER_GLOBAL_ACCENT_COLOR_NAME = AccentColor;
				CODE_SIGN_STYLE = Automatic;
				CURRENT_PROJECT_VERSION = 1;
				DEVELOPMENT_ASSET_PATHS = "";
				ENABLE_PREVIEWS = YES;
				GENERATE_INFOPLIST_FILE = YES;
				INFOPLIST_FILE = HospitalQueue/Info.plist;
				INFOPLIST_KEY_CFBundleDisplayName = "Hospital Queue";
				INFOPLIST_KEY_UIApplicationSceneManifest_Generation = YES;
				INFOPLIST_KEY_UIApplicationSupportsIndirectInputEvents = YES;
				INFOPLIST_KEY_UILaunchScreen_Generation = YES;
				INFOPLIST_KEY_UISupportedInterfaceOrientations_iPad = "UIInterfaceOrientationPortrait UIInterfaceOrientationPortraitUpsideDown UIInterfaceOrientationLandscapeLeft UIInterfaceOrientationLandscapeRight";
				INFOPLIST_KEY_UISupportedInterfaceOrientations_iPhone = "UIInterfaceOrientationPortrait UIInterfaceOrientationLandscapeLeft UIInterfaceOrientationLandscapeRight";
				LD_RUNPATH_SEARCH_PATHS = (
					"$(inherited)",
					"@executable_path/Frameworks",
				);
				MARKETING_VERSION = 1.0;
				PRODUCT_BUNDLE_IDENTIFIER = com.hospitalqueue.app;
				PRODUCT_NAME = "$(TARGET_NAME)";
				SUPPORTED_PLATFORMS = "iphoneos iphonesimulator";
				SUPPORTS_MACCATALYST = NO;
				SWIFT_EMIT_LOC_STRINGS = YES;
				SWIFT_VERSION = 5.0;
				TARGETED_DEVICE_FAMILY = 1;
			};
			name = Release;
		};
/* End XCBuildConfiguration section */

/* Begin XCConfigurationList section */
		C001000000000000000001 /* Build configuration list for PBXProject "HospitalQueue" */ = {
			isa = XCConfigurationList;
			buildConfigurations = (
				C001000000000000000003 /* Debug */,
				C001000000000000000004 /* Release */,
			);
			defaultConfigurationIsVisible = 0;
			defaultConfigurationName = Release;
		};
		C001000000000000000002 /* Build configuration list for PBXNativeTarget "HospitalQueue" */ = {
			isa = XCConfigurationList;
			buildConfigurations = (
				C001000000000000000005 /* Debug */,
				C001000000000000000006 /* Release */,
			);
			defaultConfigurationIsVisible = 0;
			defaultConfigurationName = Release;
		};
/* End XCConfigurationList section */
	};
	rootObject = P001000000000000000001 /* Project object */;
}
